Microsoft Visual Studio Solution File, Format Version 12.00
# Visual Studio 15
VisualStudioVersion = 15.0.27130.2010
MinimumVisualStudioVersion = 15.0.26124.0
Project("{2150E333-8FDC-42A3-9474-1A3956D46DE8}") = "src", "src", "{B03AD1F3-1571-4E2D-BD84-980500C6F0FE}"
EndProject
Project("{2150E333-8FDC-42A3-9474-1A3956D46DE8}") = "Contextos", "Contextos", "{002166DF-EB70-4EE2-8B35-8E298F630950}"
EndProject
Project("{2150E333-8FDC-42A3-9474-1A3956D46DE8}") = "Cliente", "Cliente", "{06C4D5E4-7EB2-4C79-8DDD-B3CEFCC17D8E}"
EndProject
Project("{2150E333-8FDC-42A3-9474-1A3956D46DE8}") = "Infra", "Infra", "{09306935-FD1A-450E-BE0B-CD1BCEE156ED}"
EndProject
Project("{2150E333-8FDC-42A3-9474-1A3956D46DE8}") = "Data", "Data", "{5649D7BB-E2DF-45E4-8061-06FE944873CE}"
EndProject
Project("{2150E333-8FDC-42A3-9474-1A3956D46DE8}") = "Dominio", "Dominio", "{A3A6D60B-9DEE-4A02-89C7-444EB0B97CC4}"
EndProject
Project("{2150E333-8FDC-42A3-9474-1A3956D46DE8}") = "CrossCutting", "CrossCutting", "{A13BE701-FCDC-4B74-B1A0-629690C8BE45}"
EndProject
Project("{2150E333-8FDC-42A3-9474-1A3956D46DE8}") = "Servico", "Servico", "{895BC50F-A3D8-4453-8278-A31E25096AF5}"
EndProject
Project("{9A19103F-16F7-4668-BE54-9A1E7A4F7556}") = "GerenciadorFC.Servico.API", "src\Servico\GerenciadorFC.Servico.API\GerenciadorFC.Servico.API.csproj", "{B206C3A2-323D-4566-B7A3-D09F0537DBC2}"
EndProject
Project("{2150E333-8FDC-42A3-9474-1A3956D46DE8}") = "Site", "Site", "{DFDB533D-FF6D-4129-8179-943CEED8A2F1}"
EndProject
Project("{9A19103F-16F7-4668-BE54-9A1E7A4F7556}") = "GerenciadorFC.Site", "src\Site\GerenciadorFC.Site\GerenciadorFC.Site.csproj", "{CA020A2A-CDCD-494E-A607-A4668C390811}"
EndProject
Project("{FAE04EC0-301F-11D3-BF4B-00C04F79EFBC}") = "GerenciatorFC.Clientes.Dominio", "ClassLibrary1\GerenciatorFC.Clientes.Dominio.csproj", "{377EE036-6D5B-431A-A716-264605F87796}"
EndProject
Project("{2150E333-8FDC-42A3-9474-1A3956D46DE8}") = "Nucleo", "Nucleo", "{3DFFD550-9602-4CC6-84D0-F87F2F45E1D0}"
EndProject
Project("{2150E333-8FDC-42A3-9474-1A3956D46DE8}") = "Dominio", "Dominio", "{178E0120-58D5-4027-9FB0-253174BA493C}"
EndProject
Project("{2150E333-8FDC-42A3-9474-1A3956D46DE8}") = "Infra", "Infra", "{38F3080D-CB19-4357-B7F2-521A5CF708FD}"
EndProject
Project("{2150E333-8FDC-42A3-9474-1A3956D46DE8}") = "Data", "Data", "{08C21704-B609-4D88-B8A3-73D37654E263}"
EndProject
Project("{2150E333-8FDC-42A3-9474-1A3956D46DE8}") = "CrossCutting", "CrossCutting", "{8AF25561-B216-41A7-806C-95B4B9D3A8AC}"
EndProject
Project("{FAE04EC0-301F-11D3-BF4B-00C04F79EFBC}") = "GerenciadorFC.Contextos.Nucleo.Infra.CrossCutting", "GerenciadorFC.Contextos.Nucleo.Infra.CrossCutting\GerenciadorFC.Contextos.Nucleo.Infra.CrossCutting.csproj", "{99546B08-CE4D-4CBF-8A26-E5D58446B6E8}"
EndProject
Project("{FAE04EC0-301F-11D3-BF4B-00C04F79EFBC}") = "GerenciadorFC.Contextos.Nucleo.Infra.Data", "GerenciadorFC.Contextos.Nucleo.Infra.Data\GerenciadorFC.Contextos.Nucleo.Infra.Data.csproj", "{627A1642-DAAB-44FA-8AFD-090EE0EC0193}"
EndProject
Project("{FAE04EC0-301F-11D3-BF4B-00C04F79EFBC}") = "GerenciadorFC.Contextos.Cliente.Infra.Data", "GerenciadorFC.Contextos.Cliente.Infra.Data\GerenciadorFC.Contextos.Cliente.Infra.Data.csproj", "{0128CE29-F5BB-4E35-8796-A2EF68CD9F86}"
EndProject
Global
	GlobalSection(SolutionConfigurationPlatforms) = preSolution
		Debug|Any CPU = Debug|Any CPU
		Debug|x64 = Debug|x64
		Debug|x86 = Debug|x86
		Release|Any CPU = Release|Any CPU
		Release|x64 = Release|x64
		Release|x86 = Release|x86
	EndGlobalSection
	GlobalSection(ProjectConfigurationPlatforms) = postSolution
		{B206C3A2-323D-4566-B7A3-D09F0537DBC2}.Debug|Any CPU.ActiveCfg = Debug|Any CPU
		{B206C3A2-323D-4566-B7A3-D09F0537DBC2}.Debug|Any CPU.Build.0 = Debug|Any CPU
		{B206C3A2-323D-4566-B7A3-D09F0537DBC2}.Debug|x64.ActiveCfg = Debug|Any CPU
		{B206C3A2-323D-4566-B7A3-D09F0537DBC2}.Debug|x64.Build.0 = Debug|Any CPU
		{B206C3A2-323D-4566-B7A3-D09F0537DBC2}.Debug|x86.ActiveCfg = Debug|Any CPU
		{B206C3A2-323D-4566-B7A3-D09F0537DBC2}.Debug|x86.Build.0 = Debug|Any CPU
		{B206C3A2-323D-4566-B7A3-D09F0537DBC2}.Release|Any CPU.ActiveCfg = Release|Any CPU
		{B206C3A2-323D-4566-B7A3-D09F0537DBC2}.Release|Any CPU.Build.0 = Release|Any CPU
		{B206C3A2-323D-4566-B7A3-D09F0537DBC2}.Release|x64.ActiveCfg = Release|Any CPU
		{B206C3A2-323D-4566-B7A3-D09F0537DBC2}.Release|x64.Build.0 = Release|Any CPU
		{B206C3A2-323D-4566-B7A3-D09F0537DBC2}.Release|x86.ActiveCfg = Release|Any CPU
		{B206C3A2-323D-4566-B7A3-D09F0537DBC2}.Release|x86.Build.0 = Release|Any CPU
		{CA020A2A-CDCD-494E-A607-A4668C390811}.Debug|Any CPU.ActiveCfg = Debug|Any CPU
		{CA020A2A-CDCD-494E-A607-A4668C390811}.Debug|Any CPU.Build.0 = Debug|Any CPU
		{CA020A2A-CDCD-494E-A607-A4668C390811}.Debug|x64.ActiveCfg = Debug|Any CPU
		{CA020A2A-CDCD-494E-A607-A4668C390811}.Debug|x64.Build.0 = Debug|Any CPU
		{CA020A2A-CDCD-494E-A607-A4668C390811}.Debug|x86.ActiveCfg = Debug|Any CPU
		{CA020A2A-CDCD-494E-A607-A4668C390811}.Debug|x86.Build.0 = Debug|Any CPU
		{CA020A2A-CDCD-494E-A607-A4668C390811}.Release|Any CPU.ActiveCfg = Release|Any CPU
		{CA020A2A-CDCD-494E-A607-A4668C390811}.Release|Any CPU.Build.0 = Release|Any CPU
		{CA020A2A-CDCD-494E-A607-A4668C390811}.Release|x64.ActiveCfg = Release|Any CPU
		{CA020A2A-CDCD-494E-A607-A4668C390811}.Release|x64.Build.0 = Release|Any CPU
		{CA020A2A-CDCD-494E-A607-A4668C390811}.Release|x86.ActiveCfg = Release|Any CPU
		{CA020A2A-CDCD-494E-A607-A4668C390811}.Release|x86.Build.0 = Release|Any CPU
		{377EE036-6D5B-431A-A716-264605F87796}.Debug|Any CPU.ActiveCfg = Debug|Any CPU
		{377EE036-6D5B-431A-A716-264605F87796}.Debug|Any CPU.Build.0 = Debug|Any CPU
		{377EE036-6D5B-431A-A716-264605F87796}.Debug|x64.ActiveCfg = Debug|Any CPU
		{377EE036-6D5B-431A-A716-264605F87796}.Debug|x64.Build.0 = Debug|Any CPU
		{377EE036-6D5B-431A-A716-264605F87796}.Debug|x86.ActiveCfg = Debug|Any CPU
		{377EE036-6D5B-431A-A716-264605F87796}.Debug|x86.Build.0 = Debug|Any CPU
		{377EE036-6D5B-431A-A716-264605F87796}.Release|Any CPU.ActiveCfg = Release|Any CPU
		{377EE036-6D5B-431A-A716-264605F87796}.Release|Any CPU.Build.0 = Release|Any CPU
		{377EE036-6D5B-431A-A716-264605F87796}.Release|x64.ActiveCfg = Release|Any CPU
		{377EE036-6D5B-431A-A716-264605F87796}.Release|x64.Build.0 = Release|Any CPU
		{377EE036-6D5B-431A-A716-264605F87796}.Release|x86.ActiveCfg = Release|Any CPU
		{377EE036-6D5B-431A-A716-264605F87796}.Release|x86.Build.0 = Release|Any CPU
		{99546B08-CE4D-4CBF-8A26-E5D58446B6E8}.Debug|Any CPU.ActiveCfg = Debug|Any CPU
		{99546B08-CE4D-4CBF-8A26-E5D58446B6E8}.Debug|Any CPU.Build.0 = Debug|Any CPU
		{99546B08-CE4D-4CBF-8A26-E5D58446B6E8}.Debug|x64.ActiveCfg = Debug|Any CPU
		{99546B08-CE4D-4CBF-8A26-E5D58446B6E8}.Debug|x64.Build.0 = Debug|Any CPU
		{99546B08-CE4D-4CBF-8A26-E5D58446B6E8}.Debug|x86.ActiveCfg = Debug|Any CPU
		{99546B08-CE4D-4CBF-8A26-E5D58446B6E8}.Debug|x86.Build.0 = Debug|Any CPU
		{99546B08-CE4D-4CBF-8A26-E5D58446B6E8}.Release|Any CPU.ActiveCfg = Release|Any CPU
		{99546B08-CE4D-4CBF-8A26-E5D58446B6E8}.Release|Any CPU.Build.0 = Release|Any CPU
		{99546B08-CE4D-4CBF-8A26-E5D58446B6E8}.Release|x64.ActiveCfg = Release|Any CPU
		{99546B08-CE4D-4CBF-8A26-E5D58446B6E8}.Release|x64.Build.0 = Release|Any CPU
		{99546B08-CE4D-4CBF-8A26-E5D58446B6E8}.Release|x86.ActiveCfg = Release|Any CPU
		{99546B08-CE4D-4CBF-8A26-E5D58446B6E8}.Release|x86.Build.0 = Release|Any CPU
		{627A1642-DAAB-44FA-8AFD-090EE0EC0193}.Debug|Any CPU.ActiveCfg = Debug|Any CPU
		{627A1642-DAAB-44FA-8AFD-090EE0EC0193}.Debug|Any CPU.Build.0 = Debug|Any CPU
		{627A1642-DAAB-44FA-8AFD-090EE0EC0193}.Debug|x64.ActiveCfg = Debug|Any CPU
		{627A1642-DAAB-44FA-8AFD-090EE0EC0193}.Debug|x64.Build.0 = Debug|Any CPU
		{627A1642-DAAB-44FA-8AFD-090EE0EC0193}.Debug|x86.ActiveCfg = Debug|Any CPU
		{627A1642-DAAB-44FA-8AFD-090EE0EC0193}.Debug|x86.Build.0 = Debug|Any CPU
		{627A1642-DAAB-44FA-8AFD-090EE0EC0193}.Release|Any CPU.ActiveCfg = Release|Any CPU
		{627A1642-DAAB-44FA-8AFD-090EE0EC0193}.Release|Any CPU.Build.0 = Release|Any CPU
		{627A1642-DAAB-44FA-8AFD-090EE0EC0193}.Release|x64.ActiveCfg = Release|Any CPU
		{627A1642-DAAB-44FA-8AFD-090EE0EC0193}.Release|x64.Build.0 = Release|Any CPU
		{627A1642-DAAB-44FA-8AFD-090EE0EC0193}.Release|x86.ActiveCfg = Release|Any CPU
		{627A1642-DAAB-44FA-8AFD-090EE0EC0193}.Release|x86.Build.0 = Release|Any CPU
		{0128CE29-F5BB-4E35-8796-A2EF68CD9F86}.Debug|Any CPU.ActiveCfg = Debug|Any CPU
		{0128CE29-F5BB-4E35-8796-A2EF68CD9F86}.Debug|Any CPU.Build.0 = Debug|Any CPU
		{0128CE29-F5BB-4E35-8796-A2EF68CD9F86}.Debug|x64.ActiveCfg = Debug|Any CPU
		{0128CE29-F5BB-4E35-8796-A2EF68CD9F86}.Debug|x64.Build.0 = Debug|Any CPU
		{0128CE29-F5BB-4E35-8796-A2EF68CD9F86}.Debug|x86.ActiveCfg = Debug|Any CPU
		{0128CE29-F5BB-4E35-8796-A2EF68CD9F86}.Debug|x86.Build.0 = Debug|Any CPU
		{0128CE29-F5BB-4E35-8796-A2EF68CD9F86}.Release|Any CPU.ActiveCfg = Release|Any CPU
		{0128CE29-F5BB-4E35-8796-A2EF68CD9F86}.Release|Any CPU.Build.0 = Release|Any CPU
		{0128CE29-F5BB-4E35-8796-A2EF68CD9F86}.Release|x64.ActiveCfg = Release|Any CPU
		{0128CE29-F5BB-4E35-8796-A2EF68CD9F86}.Release|x64.Build.0 = Release|Any CPU
		{0128CE29-F5BB-4E35-8796-A2EF68CD9F86}.Release|x86.ActiveCfg = Release|Any CPU
		{0128CE29-F5BB-4E35-8796-A2EF68CD9F86}.Release|x86.Build.0 = Release|Any CPU
	EndGlobalSection
	GlobalSection(SolutionProperties) = preSolution
		HideSolutionNode = FALSE
	EndGlobalSection
	GlobalSection(NestedProjects) = preSolution
		{002166DF-EB70-4EE2-8B35-8E298F630950} = {B03AD1F3-1571-4E2D-BD84-980500C6F0FE}
		{06C4D5E4-7EB2-4C79-8DDD-B3CEFCC17D8E} = {002166DF-EB70-4EE2-8B35-8E298F630950}
		{09306935-FD1A-450E-BE0B-CD1BCEE156ED} = {06C4D5E4-7EB2-4C79-8DDD-B3CEFCC17D8E}
		{5649D7BB-E2DF-45E4-8061-06FE944873CE} = {09306935-FD1A-450E-BE0B-CD1BCEE156ED}
		{A3A6D60B-9DEE-4A02-89C7-444EB0B97CC4} = {06C4D5E4-7EB2-4C79-8DDD-B3CEFCC17D8E}
		{A13BE701-FCDC-4B74-B1A0-629690C8BE45} = {09306935-FD1A-450E-BE0B-CD1BCEE156ED}
		{895BC50F-A3D8-4453-8278-A31E25096AF5} = {B03AD1F3-1571-4E2D-BD84-980500C6F0FE}
		{B206C3A2-323D-4566-B7A3-D09F0537DBC2} = {895BC50F-A3D8-4453-8278-A31E25096AF5}
		{DFDB533D-FF6D-4129-8179-943CEED8A2F1} = {B03AD1F3-1571-4E2D-BD84-980500C6F0FE}
		{CA020A2A-CDCD-494E-A607-A4668C390811} = {DFDB533D-FF6D-4129-8179-943CEED8A2F1}
		{377EE036-6D5B-431A-A716-264605F87796} = {A3A6D60B-9DEE-4A02-89C7-444EB0B97CC4}
		{3DFFD550-9602-4CC6-84D0-F87F2F45E1D0} = {002166DF-EB70-4EE2-8B35-8E298F630950}
		{178E0120-58D5-4027-9FB0-253174BA493C} = {3DFFD550-9602-4CC6-84D0-F87F2F45E1D0}
		{38F3080D-CB19-4357-B7F2-521A5CF708FD} = {3DFFD550-9602-4CC6-84D0-F87F2F45E1D0}
		{08C21704-B609-4D88-B8A3-73D37654E263} = {38F3080D-CB19-4357-B7F2-521A5CF708FD}
		{8AF25561-B216-41A7-806C-95B4B9D3A8AC} = {38F3080D-CB19-4357-B7F2-521A5CF708FD}
		{99546B08-CE4D-4CBF-8A26-E5D58446B6E8} = {8AF25561-B216-41A7-806C-95B4B9D3A8AC}
		{627A1642-DAAB-44FA-8AFD-090EE0EC0193} = {08C21704-B609-4D88-B8A3-73D37654E263}
		{0128CE29-F5BB-4E35-8796-A2EF68CD9F86} = {5649D7BB-E2DF-45E4-8061-06FE944873CE}
	EndGlobalSection
	GlobalSection(ExtensibilityGlobals) = postSolution
		SolutionGuid = {6CD22C42-0222-4FA5-9129-C8D46A367338}
	EndGlobalSection
EndGlobal
