
Microsoft Visual Studio Solution File, Format Version 12.00
# Visual Studio 15
VisualStudioVersion = 15.0.26124.0
MinimumVisualStudioVersion = 15.0.26124.0
Project("{2150E333-8FDC-42A3-9474-1A3956D46DE8}") = "src", "src", "{B03AD1F3-1571-4E2D-BD84-980500C6F0FE}"
EndProject
Project("{2150E333-8FDC-42A3-9474-1A3956D46DE8}") = "Contextos", "Contextos", "{002166DF-EB70-4EE2-8B35-8E298F630950}"
EndProject
Project("{2150E333-8FDC-42A3-9474-1A3956D46DE8}") = "Cliente", "Cliente", "{06C4D5E4-7EB2-4C79-8DDD-B3CEFCC17D8E}"
EndProject
Project("{2150E333-8FDC-42A3-9474-1A3956D46DE8}") = "Infra", "Infra", "{09306935-FD1A-450E-BE0B-CD1BCEE156ED}"
EndProject
Project("{2150E333-8FDC-42A3-9474-1A3956D46DE8}") = "Data", "Data", "{5649D7BB-E2DF-45E4-8061-06FE944873CE}"
EndProject
Project("{FAE04EC0-301F-11D3-BF4B-00C04F79EFBC}") = "GerenciadorFC.Contextos.Cliente.Infra.Data", "src\Contextos\Cliente\Infra\Data\GerenciadorFC.Contextos.Cliente.Infra.Data\GerenciadorFC.Contextos.Cliente.Infra.Data.csproj", "{0C41AC49-3F2B-4F1A-B4C6-27BE34E51DB9}"
EndProject
Project("{2150E333-8FDC-42A3-9474-1A3956D46DE8}") = "Dominio", "Dominio", "{A3A6D60B-9DEE-4A02-89C7-444EB0B97CC4}"
EndProject
Project("{FAE04EC0-301F-11D3-BF4B-00C04F79EFBC}") = "GerenciadorFC.Contextos.Cliente.Dominio", "src\Contextos\Cliente\Dominio\GerenciadorFC.Contextos.Cliente.Dominio\GerenciadorFC.Contextos.Cliente.Dominio.csproj", "{5BA40EB7-1F8F-4C9A-8955-7FFA2562A5B8}"
EndProject
Project("{2150E333-8FDC-42A3-9474-1A3956D46DE8}") = "CrossCutting", "CrossCutting", "{A13BE701-FCDC-4B74-B1A0-629690C8BE45}"
EndProject
Project("{FAE04EC0-301F-11D3-BF4B-00C04F79EFBC}") = "GerenciadorFC.Contextos.Cliente.Infra.Crosscutting", "src\Contextos\Cliente\Infra\CrossCutting\GerenciadorFC.Contextos.Cliente.Infra.Crosscutting\GerenciadorFC.Contextos.Cliente.Infra.Crosscutting.csproj", "{151C383E-5B36-4D53-B748-01F18513C41A}"
EndProject
Project("{2150E333-8FDC-42A3-9474-1A3956D46DE8}") = "Servico", "Servico", "{895BC50F-A3D8-4453-8278-A31E25096AF5}"
EndProject
Project("{FAE04EC0-301F-11D3-BF4B-00C04F79EFBC}") = "GerenciadorFC.Servico.API", "src\Servico\GerenciadorFC.Servico.API\GerenciadorFC.Servico.API.csproj", "{B206C3A2-323D-4566-B7A3-D09F0537DBC2}"
EndProject
Project("{2150E333-8FDC-42A3-9474-1A3956D46DE8}") = "Site", "Site", "{DFDB533D-FF6D-4129-8179-943CEED8A2F1}"
EndProject
Project("{FAE04EC0-301F-11D3-BF4B-00C04F79EFBC}") = "GerenciadorFC.Site", "src\Site\GerenciadorFC.Site\GerenciadorFC.Site.csproj", "{CA020A2A-CDCD-494E-A607-A4668C390811}"
EndProject
Global
	GlobalSection(SolutionProperties) = preSolution
		HideSolutionNode = FALSE
	EndGlobalSection
	GlobalSection(SolutionConfigurationPlatforms) = preSolution
		Debug|Any CPU = Debug|Any CPU
		Debug|x64 = Debug|x64
		Debug|x86 = Debug|x86
		Release|Any CPU = Release|Any CPU
		Release|x64 = Release|x64
		Release|x86 = Release|x86
	EndGlobalSection
	GlobalSection(ProjectConfigurationPlatforms) = postSolution
		{0C41AC49-3F2B-4F1A-B4C6-27BE34E51DB9}.Debug|Any CPU.ActiveCfg = Debug|Any CPU
		{0C41AC49-3F2B-4F1A-B4C6-27BE34E51DB9}.Debug|Any CPU.Build.0 = Debug|Any CPU
		{0C41AC49-3F2B-4F1A-B4C6-27BE34E51DB9}.Debug|x64.ActiveCfg = Debug|x64
		{0C41AC49-3F2B-4F1A-B4C6-27BE34E51DB9}.Debug|x64.Build.0 = Debug|x64
		{0C41AC49-3F2B-4F1A-B4C6-27BE34E51DB9}.Debug|x86.ActiveCfg = Debug|x86
		{0C41AC49-3F2B-4F1A-B4C6-27BE34E51DB9}.Debug|x86.Build.0 = Debug|x86
		{0C41AC49-3F2B-4F1A-B4C6-27BE34E51DB9}.Release|Any CPU.ActiveCfg = Release|Any CPU
		{0C41AC49-3F2B-4F1A-B4C6-27BE34E51DB9}.Release|Any CPU.Build.0 = Release|Any CPU
		{0C41AC49-3F2B-4F1A-B4C6-27BE34E51DB9}.Release|x64.ActiveCfg = Release|x64
		{0C41AC49-3F2B-4F1A-B4C6-27BE34E51DB9}.Release|x64.Build.0 = Release|x64
		{0C41AC49-3F2B-4F1A-B4C6-27BE34E51DB9}.Release|x86.ActiveCfg = Release|x86
		{0C41AC49-3F2B-4F1A-B4C6-27BE34E51DB9}.Release|x86.Build.0 = Release|x86
		{5BA40EB7-1F8F-4C9A-8955-7FFA2562A5B8}.Debug|Any CPU.ActiveCfg = Debug|Any CPU
		{5BA40EB7-1F8F-4C9A-8955-7FFA2562A5B8}.Debug|Any CPU.Build.0 = Debug|Any CPU
		{5BA40EB7-1F8F-4C9A-8955-7FFA2562A5B8}.Debug|x64.ActiveCfg = Debug|x64
		{5BA40EB7-1F8F-4C9A-8955-7FFA2562A5B8}.Debug|x64.Build.0 = Debug|x64
		{5BA40EB7-1F8F-4C9A-8955-7FFA2562A5B8}.Debug|x86.ActiveCfg = Debug|x86
		{5BA40EB7-1F8F-4C9A-8955-7FFA2562A5B8}.Debug|x86.Build.0 = Debug|x86
		{5BA40EB7-1F8F-4C9A-8955-7FFA2562A5B8}.Release|Any CPU.ActiveCfg = Release|Any CPU
		{5BA40EB7-1F8F-4C9A-8955-7FFA2562A5B8}.Release|Any CPU.Build.0 = Release|Any CPU
		{5BA40EB7-1F8F-4C9A-8955-7FFA2562A5B8}.Release|x64.ActiveCfg = Release|x64
		{5BA40EB7-1F8F-4C9A-8955-7FFA2562A5B8}.Release|x64.Build.0 = Release|x64
		{5BA40EB7-1F8F-4C9A-8955-7FFA2562A5B8}.Release|x86.ActiveCfg = Release|x86
		{5BA40EB7-1F8F-4C9A-8955-7FFA2562A5B8}.Release|x86.Build.0 = Release|x86
		{151C383E-5B36-4D53-B748-01F18513C41A}.Debug|Any CPU.ActiveCfg = Debug|Any CPU
		{151C383E-5B36-4D53-B748-01F18513C41A}.Debug|Any CPU.Build.0 = Debug|Any CPU
		{151C383E-5B36-4D53-B748-01F18513C41A}.Debug|x64.ActiveCfg = Debug|x64
		{151C383E-5B36-4D53-B748-01F18513C41A}.Debug|x64.Build.0 = Debug|x64
		{151C383E-5B36-4D53-B748-01F18513C41A}.Debug|x86.ActiveCfg = Debug|x86
		{151C383E-5B36-4D53-B748-01F18513C41A}.Debug|x86.Build.0 = Debug|x86
		{151C383E-5B36-4D53-B748-01F18513C41A}.Release|Any CPU.ActiveCfg = Release|Any CPU
		{151C383E-5B36-4D53-B748-01F18513C41A}.Release|Any CPU.Build.0 = Release|Any CPU
		{151C383E-5B36-4D53-B748-01F18513C41A}.Release|x64.ActiveCfg = Release|x64
		{151C383E-5B36-4D53-B748-01F18513C41A}.Release|x64.Build.0 = Release|x64
		{151C383E-5B36-4D53-B748-01F18513C41A}.Release|x86.ActiveCfg = Release|x86
		{151C383E-5B36-4D53-B748-01F18513C41A}.Release|x86.Build.0 = Release|x86
		{B206C3A2-323D-4566-B7A3-D09F0537DBC2}.Debug|Any CPU.ActiveCfg = Debug|Any CPU
		{B206C3A2-323D-4566-B7A3-D09F0537DBC2}.Debug|Any CPU.Build.0 = Debug|Any CPU
		{B206C3A2-323D-4566-B7A3-D09F0537DBC2}.Debug|x64.ActiveCfg = Debug|x64
		{B206C3A2-323D-4566-B7A3-D09F0537DBC2}.Debug|x64.Build.0 = Debug|x64
		{B206C3A2-323D-4566-B7A3-D09F0537DBC2}.Debug|x86.ActiveCfg = Debug|x86
		{B206C3A2-323D-4566-B7A3-D09F0537DBC2}.Debug|x86.Build.0 = Debug|x86
		{B206C3A2-323D-4566-B7A3-D09F0537DBC2}.Release|Any CPU.ActiveCfg = Release|Any CPU
		{B206C3A2-323D-4566-B7A3-D09F0537DBC2}.Release|Any CPU.Build.0 = Release|Any CPU
		{B206C3A2-323D-4566-B7A3-D09F0537DBC2}.Release|x64.ActiveCfg = Release|x64
		{B206C3A2-323D-4566-B7A3-D09F0537DBC2}.Release|x64.Build.0 = Release|x64
		{B206C3A2-323D-4566-B7A3-D09F0537DBC2}.Release|x86.ActiveCfg = Release|x86
		{B206C3A2-323D-4566-B7A3-D09F0537DBC2}.Release|x86.Build.0 = Release|x86
		{CA020A2A-CDCD-494E-A607-A4668C390811}.Debug|Any CPU.ActiveCfg = Debug|Any CPU
		{CA020A2A-CDCD-494E-A607-A4668C390811}.Debug|Any CPU.Build.0 = Debug|Any CPU
		{CA020A2A-CDCD-494E-A607-A4668C390811}.Debug|x64.ActiveCfg = Debug|x64
		{CA020A2A-CDCD-494E-A607-A4668C390811}.Debug|x64.Build.0 = Debug|x64
		{CA020A2A-CDCD-494E-A607-A4668C390811}.Debug|x86.ActiveCfg = Debug|x86
		{CA020A2A-CDCD-494E-A607-A4668C390811}.Debug|x86.Build.0 = Debug|x86
		{CA020A2A-CDCD-494E-A607-A4668C390811}.Release|Any CPU.ActiveCfg = Release|Any CPU
		{CA020A2A-CDCD-494E-A607-A4668C390811}.Release|Any CPU.Build.0 = Release|Any CPU
		{CA020A2A-CDCD-494E-A607-A4668C390811}.Release|x64.ActiveCfg = Release|x64
		{CA020A2A-CDCD-494E-A607-A4668C390811}.Release|x64.Build.0 = Release|x64
		{CA020A2A-CDCD-494E-A607-A4668C390811}.Release|x86.ActiveCfg = Release|x86
		{CA020A2A-CDCD-494E-A607-A4668C390811}.Release|x86.Build.0 = Release|x86
	EndGlobalSection
	GlobalSection(NestedProjects) = preSolution
		{002166DF-EB70-4EE2-8B35-8E298F630950} = {B03AD1F3-1571-4E2D-BD84-980500C6F0FE}
		{06C4D5E4-7EB2-4C79-8DDD-B3CEFCC17D8E} = {002166DF-EB70-4EE2-8B35-8E298F630950}
		{09306935-FD1A-450E-BE0B-CD1BCEE156ED} = {06C4D5E4-7EB2-4C79-8DDD-B3CEFCC17D8E}
		{5649D7BB-E2DF-45E4-8061-06FE944873CE} = {09306935-FD1A-450E-BE0B-CD1BCEE156ED}
		{0C41AC49-3F2B-4F1A-B4C6-27BE34E51DB9} = {5649D7BB-E2DF-45E4-8061-06FE944873CE}
		{A3A6D60B-9DEE-4A02-89C7-444EB0B97CC4} = {06C4D5E4-7EB2-4C79-8DDD-B3CEFCC17D8E}
		{5BA40EB7-1F8F-4C9A-8955-7FFA2562A5B8} = {A3A6D60B-9DEE-4A02-89C7-444EB0B97CC4}
		{A13BE701-FCDC-4B74-B1A0-629690C8BE45} = {09306935-FD1A-450E-BE0B-CD1BCEE156ED}
		{151C383E-5B36-4D53-B748-01F18513C41A} = {A13BE701-FCDC-4B74-B1A0-629690C8BE45}
		{895BC50F-A3D8-4453-8278-A31E25096AF5} = {B03AD1F3-1571-4E2D-BD84-980500C6F0FE}
		{B206C3A2-323D-4566-B7A3-D09F0537DBC2} = {895BC50F-A3D8-4453-8278-A31E25096AF5}
		{DFDB533D-FF6D-4129-8179-943CEED8A2F1} = {B03AD1F3-1571-4E2D-BD84-980500C6F0FE}
		{CA020A2A-CDCD-494E-A607-A4668C390811} = {DFDB533D-FF6D-4129-8179-943CEED8A2F1}
	EndGlobalSection
EndGlobal
