
Microsoft Visual Studio Solution File, Format Version 12.00
# Visual Studio 14
VisualStudioVersion = 14.0.25123.0
MinimumVisualStudioVersion = 10.0.40219.1
Project("{2150E333-8FDC-42A3-9474-1A3956D46DE8}") = "Faturamento", "Faturamento", "{6A7813CE-2B6B-44E1-AF45-5B23616637E1}"
EndProject
Project("{2150E333-8FDC-42A3-9474-1A3956D46DE8}") = "Prefeituras", "Prefeituras", "{588F5926-4A2A-41E6-980C-B9B8206839FD}"
EndProject
Project("{2150E333-8FDC-42A3-9474-1A3956D46DE8}") = "Prestadores", "Prestadores", "{170B2DEC-FBBD-437C-A64D-D7725D00D3A7}"
EndProject
Project("{2150E333-8FDC-42A3-9474-1A3956D46DE8}") = "Tomador", "Tomador", "{8883DBF2-BFA6-464C-96FC-42C010661E9A}"
EndProject
Project("{2150E333-8FDC-42A3-9474-1A3956D46DE8}") = "Contabilidade", "Contabilidade", "{6CCACC01-6D73-475E-9526-A8481AA6A53F}"
EndProject
Project("{2150E333-8FDC-42A3-9474-1A3956D46DE8}") = "Contribuinte", "Contribuinte", "{D776B497-87D0-43B6-B62A-CC728F54A992}"
EndProject
Project("{2150E333-8FDC-42A3-9474-1A3956D46DE8}") = "Receita", "Receita", "{C92C2AAA-0E1D-4D17-8F4E-8345E81CA56D}"
EndProject
Project("{2150E333-8FDC-42A3-9474-1A3956D46DE8}") = "Tirbutos", "Tirbutos", "{2D233B73-07FB-4990-81D3-BF456572BA12}"
EndProject
Project("{FAE04EC0-301F-11D3-BF4B-00C04F79EFBC}") = "GerenciadorFC.Tomador", "Faturamento\Tomador\GerenciadorFC.Tomador\GerenciadorFC.Tomador.csproj", "{9CEEA235-8A28-42DE-A2D4-E2E691163361}"
EndProject
Project("{FAE04EC0-301F-11D3-BF4B-00C04F79EFBC}") = "GerenciadorFC.Prestador", "Faturamento\Prestador\GerenciadorFC.Prestador\GerenciadorFC.Prestador.csproj", "{838D8FF5-CB3E-4440-BA6C-057BABE1D8B4}"
EndProject
Project("{2150E333-8FDC-42A3-9474-1A3956D46DE8}") = "SaoPaulo", "SaoPaulo", "{FD5F1903-24C2-4EAF-8F44-5F6871129909}"
EndProject
Project("{FAE04EC0-301F-11D3-BF4B-00C04F79EFBC}") = "GerenciadorFC.Robo.SaoPaulo", "Faturamento\Prefeituras\SaoPaulo\GerenciadorFC.Robo.SaoPaulo\GerenciadorFC.Robo.SaoPaulo.csproj", "{130EEC91-49EF-49B4-9775-10E6B6EB8504}"
EndProject
Project("{2150E333-8FDC-42A3-9474-1A3956D46DE8}") = "Guarulhos", "Guarulhos", "{A4F04CD1-B535-4794-9F26-A06956220A3C}"
EndProject
Project("{FAE04EC0-301F-11D3-BF4B-00C04F79EFBC}") = "GerenciadorFC.Robo.Guarulhos", "Faturamento\Prefeituras\Guarulhos\GerenciadorFC.Robo.Guarulhos\GerenciadorFC.Robo.Guarulhos.csproj", "{AF869E8C-FE7E-4EF1-AC7E-BE831303296C}"
EndProject
Project("{2150E333-8FDC-42A3-9474-1A3956D46DE8}") = "AppTeste", "AppTeste", "{34E88706-E22C-4257-9139-D82A97039B2D}"
EndProject
Project("{FAE04EC0-301F-11D3-BF4B-00C04F79EFBC}") = "AppTeste", "AppTeste\AppTeste.csproj", "{DE928BF2-AD6F-42DA-84F3-AD918B6EDBC9}"
EndProject
Project("{2150E333-8FDC-42A3-9474-1A3956D46DE8}") = "Aruja", "Aruja", "{F65376B7-5C41-4DF2-A69D-5A51817F64A1}"
EndProject
Project("{FAE04EC0-301F-11D3-BF4B-00C04F79EFBC}") = "GerenciadorFC.Robo.Aruja", "Faturamento\Prefeituras\Aruja\GerenciadorFC.Robo.Aruja\GerenciadorFC.Robo.Aruja.csproj", "{6158B3FE-9C06-4A9D-803B-AAB4F223AA7C}"
EndProject
Project("{2150E333-8FDC-42A3-9474-1A3956D46DE8}") = "Itaquaquecetuba", "Itaquaquecetuba", "{C27FE3FC-623C-440B-A411-41A0280ACCE2}"
EndProject
Project("{FAE04EC0-301F-11D3-BF4B-00C04F79EFBC}") = "GerenciadorFC.Robo.Itaquaquecetuba", "GerenciadorFC.Robo.Itaquaquecetuba\GerenciadorFC.Robo.Itaquaquecetuba.csproj", "{4904E083-08E4-426E-9A01-B6B30AC4D65A}"
EndProject
Project("{FAE04EC0-301F-11D3-BF4B-00C04F79EFBC}") = "GerenciadorFC.Robo.Receita.DAS", "GerenciadorFC.Robo.Receita.DAS\GerenciadorFC.Robo.Receita.DAS.csproj", "{FE6D77DA-114F-4976-8C3D-280C58AE7B12}"
EndProject
Project("{FAE04EC0-301F-11D3-BF4B-00C04F79EFBC}") = "GerenciadorFC.Contribuinte", "GerenciadorFC.Contribuinte\GerenciadorFC.Contribuinte.csproj", "{4A0DEA60-EE12-46A6-BC86-62FBE26B69F1}"
EndProject
Global
	GlobalSection(SolutionConfigurationPlatforms) = preSolution
		Debug|Any CPU = Debug|Any CPU
		Release|Any CPU = Release|Any CPU
	EndGlobalSection
	GlobalSection(ProjectConfigurationPlatforms) = postSolution
		{9CEEA235-8A28-42DE-A2D4-E2E691163361}.Debug|Any CPU.ActiveCfg = Debug|Any CPU
		{9CEEA235-8A28-42DE-A2D4-E2E691163361}.Debug|Any CPU.Build.0 = Debug|Any CPU
		{9CEEA235-8A28-42DE-A2D4-E2E691163361}.Release|Any CPU.ActiveCfg = Release|Any CPU
		{9CEEA235-8A28-42DE-A2D4-E2E691163361}.Release|Any CPU.Build.0 = Release|Any CPU
		{838D8FF5-CB3E-4440-BA6C-057BABE1D8B4}.Debug|Any CPU.ActiveCfg = Debug|Any CPU
		{838D8FF5-CB3E-4440-BA6C-057BABE1D8B4}.Debug|Any CPU.Build.0 = Debug|Any CPU
		{838D8FF5-CB3E-4440-BA6C-057BABE1D8B4}.Release|Any CPU.ActiveCfg = Release|Any CPU
		{838D8FF5-CB3E-4440-BA6C-057BABE1D8B4}.Release|Any CPU.Build.0 = Release|Any CPU
		{130EEC91-49EF-49B4-9775-10E6B6EB8504}.Debug|Any CPU.ActiveCfg = Debug|Any CPU
		{130EEC91-49EF-49B4-9775-10E6B6EB8504}.Debug|Any CPU.Build.0 = Debug|Any CPU
		{130EEC91-49EF-49B4-9775-10E6B6EB8504}.Release|Any CPU.ActiveCfg = Release|Any CPU
		{130EEC91-49EF-49B4-9775-10E6B6EB8504}.Release|Any CPU.Build.0 = Release|Any CPU
		{AF869E8C-FE7E-4EF1-AC7E-BE831303296C}.Debug|Any CPU.ActiveCfg = Debug|Any CPU
		{AF869E8C-FE7E-4EF1-AC7E-BE831303296C}.Debug|Any CPU.Build.0 = Debug|Any CPU
		{AF869E8C-FE7E-4EF1-AC7E-BE831303296C}.Release|Any CPU.ActiveCfg = Release|Any CPU
		{AF869E8C-FE7E-4EF1-AC7E-BE831303296C}.Release|Any CPU.Build.0 = Release|Any CPU
		{DE928BF2-AD6F-42DA-84F3-AD918B6EDBC9}.Debug|Any CPU.ActiveCfg = Debug|Any CPU
		{DE928BF2-AD6F-42DA-84F3-AD918B6EDBC9}.Debug|Any CPU.Build.0 = Debug|Any CPU
		{DE928BF2-AD6F-42DA-84F3-AD918B6EDBC9}.Release|Any CPU.ActiveCfg = Release|Any CPU
		{DE928BF2-AD6F-42DA-84F3-AD918B6EDBC9}.Release|Any CPU.Build.0 = Release|Any CPU
		{6158B3FE-9C06-4A9D-803B-AAB4F223AA7C}.Debug|Any CPU.ActiveCfg = Debug|Any CPU
		{6158B3FE-9C06-4A9D-803B-AAB4F223AA7C}.Debug|Any CPU.Build.0 = Debug|Any CPU
		{6158B3FE-9C06-4A9D-803B-AAB4F223AA7C}.Release|Any CPU.ActiveCfg = Release|Any CPU
		{6158B3FE-9C06-4A9D-803B-AAB4F223AA7C}.Release|Any CPU.Build.0 = Release|Any CPU
		{4904E083-08E4-426E-9A01-B6B30AC4D65A}.Debug|Any CPU.ActiveCfg = Debug|Any CPU
		{4904E083-08E4-426E-9A01-B6B30AC4D65A}.Debug|Any CPU.Build.0 = Debug|Any CPU
		{4904E083-08E4-426E-9A01-B6B30AC4D65A}.Release|Any CPU.ActiveCfg = Release|Any CPU
		{4904E083-08E4-426E-9A01-B6B30AC4D65A}.Release|Any CPU.Build.0 = Release|Any CPU
		{FE6D77DA-114F-4976-8C3D-280C58AE7B12}.Debug|Any CPU.ActiveCfg = Debug|Any CPU
		{FE6D77DA-114F-4976-8C3D-280C58AE7B12}.Debug|Any CPU.Build.0 = Debug|Any CPU
		{FE6D77DA-114F-4976-8C3D-280C58AE7B12}.Release|Any CPU.ActiveCfg = Release|Any CPU
		{FE6D77DA-114F-4976-8C3D-280C58AE7B12}.Release|Any CPU.Build.0 = Release|Any CPU
		{4A0DEA60-EE12-46A6-BC86-62FBE26B69F1}.Debug|Any CPU.ActiveCfg = Debug|Any CPU
		{4A0DEA60-EE12-46A6-BC86-62FBE26B69F1}.Debug|Any CPU.Build.0 = Debug|Any CPU
		{4A0DEA60-EE12-46A6-BC86-62FBE26B69F1}.Release|Any CPU.ActiveCfg = Release|Any CPU
		{4A0DEA60-EE12-46A6-BC86-62FBE26B69F1}.Release|Any CPU.Build.0 = Release|Any CPU
	EndGlobalSection
	GlobalSection(SolutionProperties) = preSolution
		HideSolutionNode = FALSE
	EndGlobalSection
	GlobalSection(NestedProjects) = preSolution
		{588F5926-4A2A-41E6-980C-B9B8206839FD} = {6A7813CE-2B6B-44E1-AF45-5B23616637E1}
		{170B2DEC-FBBD-437C-A64D-D7725D00D3A7} = {6A7813CE-2B6B-44E1-AF45-5B23616637E1}
		{8883DBF2-BFA6-464C-96FC-42C010661E9A} = {6A7813CE-2B6B-44E1-AF45-5B23616637E1}
		{D776B497-87D0-43B6-B62A-CC728F54A992} = {6CCACC01-6D73-475E-9526-A8481AA6A53F}
		{C92C2AAA-0E1D-4D17-8F4E-8345E81CA56D} = {6CCACC01-6D73-475E-9526-A8481AA6A53F}
		{2D233B73-07FB-4990-81D3-BF456572BA12} = {6CCACC01-6D73-475E-9526-A8481AA6A53F}
		{9CEEA235-8A28-42DE-A2D4-E2E691163361} = {8883DBF2-BFA6-464C-96FC-42C010661E9A}
		{838D8FF5-CB3E-4440-BA6C-057BABE1D8B4} = {170B2DEC-FBBD-437C-A64D-D7725D00D3A7}
		{FD5F1903-24C2-4EAF-8F44-5F6871129909} = {588F5926-4A2A-41E6-980C-B9B8206839FD}
		{130EEC91-49EF-49B4-9775-10E6B6EB8504} = {FD5F1903-24C2-4EAF-8F44-5F6871129909}
		{A4F04CD1-B535-4794-9F26-A06956220A3C} = {588F5926-4A2A-41E6-980C-B9B8206839FD}
		{AF869E8C-FE7E-4EF1-AC7E-BE831303296C} = {A4F04CD1-B535-4794-9F26-A06956220A3C}
		{DE928BF2-AD6F-42DA-84F3-AD918B6EDBC9} = {34E88706-E22C-4257-9139-D82A97039B2D}
		{F65376B7-5C41-4DF2-A69D-5A51817F64A1} = {588F5926-4A2A-41E6-980C-B9B8206839FD}
		{6158B3FE-9C06-4A9D-803B-AAB4F223AA7C} = {F65376B7-5C41-4DF2-A69D-5A51817F64A1}
		{C27FE3FC-623C-440B-A411-41A0280ACCE2} = {588F5926-4A2A-41E6-980C-B9B8206839FD}
		{4904E083-08E4-426E-9A01-B6B30AC4D65A} = {C27FE3FC-623C-440B-A411-41A0280ACCE2}
		{FE6D77DA-114F-4976-8C3D-280C58AE7B12} = {C92C2AAA-0E1D-4D17-8F4E-8345E81CA56D}
		{4A0DEA60-EE12-46A6-BC86-62FBE26B69F1} = {D776B497-87D0-43B6-B62A-CC728F54A992}
	EndGlobalSection
EndGlobal
